{
    "lockfile_version": "1.0",
    "created_at": "2025-10-14T20:54:49.914025-07:00",
    "invocation": {
        "command": "agent.py",
        "args": [
            "--host",
            "0.0.0.0",
            "--port",
            "9999"
        ]
    },
    "harness": {
        "package": "terminal-bench",
        "version": "0.2.18",
        "is_editable_installation": true
    },
    "agent": {
        "name": "a2a-agent",
        "import_path": "src.adapters.a2a_white_agent:A2AWhiteAgent",
        "model_name": null,
        "extra_kwargs": {
            "agent_url": "http://localhost:8001"
        }
    },
    "run_config": {
        "log_level": "info",
        "livestream": false,
        "n_concurrent_trials": 1,
        "n_attempts": 1,
        "no_rebuild": false,
        "cleanup": false,
        "global_timeout_multiplier": 1.0,
        "global_agent_timeout_sec": null,
        "global_test_timeout_sec": null
    },
    "dataset": {
        "name": null,
        "version": null,
        "local_path": "/Users/edison/Desktop/dev/green_agent/terminal-bench-green-agent/../terminal-bench/tasks",
        "task_ids": [
            "accelerate-maximal-square",
            "acl-permissions-inheritance"
        ],
        "registry_url": null,
        "local_registry_path": null
    },
    "local_config": {
        "output_path": "eval_results",
        "run_id": "green_agent_eval_20251014_205449",
        "upload_results": false
    }
}